
Microsoft Visual Studio Solution File, Format Version 12.00
# Visual Studio 15
VisualStudioVersion = 15.0.28307.705
MinimumVisualStudioVersion = 10.0.40219.1
Project("{9A19103F-16F7-4668-BE54-9A1E7A4F7556}") = "Ecommerce", "WebApplication1\Ecommerce.csproj", "{C413CD14-0488-4D5E-B2AE-6EE34C04E1F1}"
EndProject
Global
	GlobalSection(SolutionConfigurationPlatforms) = preSolution
		Debug|Any CPU = Debug|Any CPU
		Release|Any CPU = Release|Any CPU
	EndGlobalSection
	GlobalSection(ProjectConfigurationPlatforms) = postSolution
		{C413CD14-0488-4D5E-B2AE-6EE34C04E1F1}.Debug|Any CPU.ActiveCfg = Debug|Any CPU
		{C413CD14-0488-4D5E-B2AE-6EE34C04E1F1}.Debug|Any CPU.Build.0 = Debug|Any CPU
		{C413CD14-0488-4D5E-B2AE-6EE34C04E1F1}.Release|Any CPU.ActiveCfg = Release|Any CPU
		{C413CD14-0488-4D5E-B2AE-6EE34C04E1F1}.Release|Any CPU.Build.0 = Release|Any CPU
	EndGlobalSection
	GlobalSection(SolutionProperties) = preSolution
		HideSolutionNode = FALSE
	EndGlobalSection
	GlobalSection(ExtensibilityGlobals) = postSolution
		SolutionGuid = {B5DC70BA-44F3-46A6-B035-6D6F977E779B}
	EndGlobalSection
EndGlobal
